
Microsoft Visual Studio Solution File, Format Version 12.00
# Visual Studio Version 16
VisualStudioVersion = 16.0.32929.386
MinimumVisualStudioVersion = 10.0.40219.1
Project("{FAE04EC0-301F-11D3-BF4B-00C04F79EFBC}") = "MiniCoreAspNet_DanielBustos", "MiniCoreAspNet_DanielBustos\MiniCoreAspNet_DanielBustos.csproj", "{FAAB7058-F034-4F7E-8DAF-E54A1DD91C21}"
EndProject
Global
	GlobalSection(SolutionConfigurationPlatforms) = preSolution
		Debug|Any CPU = Debug|Any CPU
		Release|Any CPU = Release|Any CPU
	EndGlobalSection
	GlobalSection(ProjectConfigurationPlatforms) = postSolution
		{FAAB7058-F034-4F7E-8DAF-E54A1DD91C21}.Debug|Any CPU.ActiveCfg = Debug|Any CPU
		{FAAB7058-F034-4F7E-8DAF-E54A1DD91C21}.Debug|Any CPU.Build.0 = Debug|Any CPU
		{FAAB7058-F034-4F7E-8DAF-E54A1DD91C21}.Release|Any CPU.ActiveCfg = Release|Any CPU
		{FAAB7058-F034-4F7E-8DAF-E54A1DD91C21}.Release|Any CPU.Build.0 = Release|Any CPU
	EndGlobalSection
	GlobalSection(SolutionProperties) = preSolution
		HideSolutionNode = FALSE
	EndGlobalSection
	GlobalSection(ExtensibilityGlobals) = postSolution
		SolutionGuid = {75207DF8-C559-432F-AFE2-1D4B77AD9921}
	EndGlobalSection
EndGlobal
